{
  "name": "rclone",
  "version": "0.3.0",
  "lockfileVersion": 1,
  "requires": true,
  "dependencies": {
    "adm-zip": {
      "version": "0.5.3",
      "resolved": "https://registry.npmjs.org/adm-zip/-/adm-zip-0.5.3.tgz",
      "integrity": "sha512-zsoTXEwRNCxBzRHLENFLuecCcwzzXiEhWo1r3GP68iwi8Q/hW2RrqgeY1nfJ/AhNQNWnZq/4v0TbfMsUkI+TYw=="
    },
    "node-fetch": {
      "version": "2.6.1",
      "resolved": "https://registry.npmjs.org/node-fetch/-/node-fetch-2.6.1.tgz",
      "integrity": "sha512-V4aYg89jEoVRxRb2fJdAg8FHvI7cEyYdVAh94HH0UIK8oJxUfkjlDQN9RbMx+bEjP7+ggMiFRprSti032Oipxw=="
    }
  }
}
